
Microsoft Visual Studio Solution File, Format Version 12.00
# Visual Studio Version 16
VisualStudioVersion = 16.0.30204.135
MinimumVisualStudioVersion = 10.0.40219.1
Project("{FAE04EC0-301F-11D3-BF4B-00C04F79EFBC}") = "SpiderForMZTuCom", "SpiderForMZTuCom\SpiderForMZTuCom.csproj", "{CAFB758B-B858-471B-941A-6F55C8A5862F}"
EndProject
Project("{FAE04EC0-301F-11D3-BF4B-00C04F79EFBC}") = "BaseSpiderForImgWeb", "BaseSpiderForImgWeb\BaseSpiderForImgWeb.csproj", "{DE06C559-33C8-4434-98E4-8613599199D0}"
EndProject
Project("{FAE04EC0-301F-11D3-BF4B-00C04F79EFBC}") = "SpiderForUmei", "SpiderForUmei\SpiderForUmei.csproj", "{A141F935-BD5A-4C78-A3A7-4520E3D1DA94}"
EndProject
Project("{FAE04EC0-301F-11D3-BF4B-00C04F79EFBC}") = "SpiderForBeautyLegMM", "SpiderForBeautyLegMM\SpiderForBeautyLegMM.csproj", "{4AE84380-8395-4E60-B3F9-155330FF30B4}"
EndProject
Project("{FAE04EC0-301F-11D3-BF4B-00C04F79EFBC}") = "SpiderForBiQuGe", "SpiderForBiQuGe\SpiderForBiQuGe.csproj", "{F3A439AB-E4AC-4E63-83EA-B6ED73E34E1D}"
EndProject
Project("{FAE04EC0-301F-11D3-BF4B-00C04F79EFBC}") = "BaseSpiderForNovelWeb", "BaseSpiderForNovelWeb\BaseSpiderForNovelWeb.csproj", "{3EB0309A-3418-4C8D-B819-2A2EDA2BFE0B}"
EndProject
Project("{FAE04EC0-301F-11D3-BF4B-00C04F79EFBC}") = "SpiderForMZTuComTests", "SpiderForMZTuComTests\SpiderForMZTuComTests.csproj", "{31061269-9C7C-4713-857A-7B57CAA92E2D}"
EndProject
Global
	GlobalSection(SolutionConfigurationPlatforms) = preSolution
		Debug|Any CPU = Debug|Any CPU
		Debug|ARM = Debug|ARM
		Debug|x64 = Debug|x64
		Debug|x86 = Debug|x86
		Release|Any CPU = Release|Any CPU
		Release|ARM = Release|ARM
		Release|x64 = Release|x64
		Release|x86 = Release|x86
	EndGlobalSection
	GlobalSection(ProjectConfigurationPlatforms) = postSolution
		{CAFB758B-B858-471B-941A-6F55C8A5862F}.Debug|Any CPU.ActiveCfg = Debug|Any CPU
		{CAFB758B-B858-471B-941A-6F55C8A5862F}.Debug|Any CPU.Build.0 = Debug|Any CPU
		{CAFB758B-B858-471B-941A-6F55C8A5862F}.Debug|ARM.ActiveCfg = Debug|Any CPU
		{CAFB758B-B858-471B-941A-6F55C8A5862F}.Debug|ARM.Build.0 = Debug|Any CPU
		{CAFB758B-B858-471B-941A-6F55C8A5862F}.Debug|x64.ActiveCfg = Debug|Any CPU
		{CAFB758B-B858-471B-941A-6F55C8A5862F}.Debug|x64.Build.0 = Debug|Any CPU
		{CAFB758B-B858-471B-941A-6F55C8A5862F}.Debug|x86.ActiveCfg = Debug|Any CPU
		{CAFB758B-B858-471B-941A-6F55C8A5862F}.Debug|x86.Build.0 = Debug|Any CPU
		{CAFB758B-B858-471B-941A-6F55C8A5862F}.Release|Any CPU.ActiveCfg = Release|Any CPU
		{CAFB758B-B858-471B-941A-6F55C8A5862F}.Release|Any CPU.Build.0 = Release|Any CPU
		{CAFB758B-B858-471B-941A-6F55C8A5862F}.Release|ARM.ActiveCfg = Release|Any CPU
		{CAFB758B-B858-471B-941A-6F55C8A5862F}.Release|ARM.Build.0 = Release|Any CPU
		{CAFB758B-B858-471B-941A-6F55C8A5862F}.Release|x64.ActiveCfg = Release|Any CPU
		{CAFB758B-B858-471B-941A-6F55C8A5862F}.Release|x64.Build.0 = Release|Any CPU
		{CAFB758B-B858-471B-941A-6F55C8A5862F}.Release|x86.ActiveCfg = Release|Any CPU
		{CAFB758B-B858-471B-941A-6F55C8A5862F}.Release|x86.Build.0 = Release|Any CPU
		{DE06C559-33C8-4434-98E4-8613599199D0}.Debug|Any CPU.ActiveCfg = Debug|Any CPU
		{DE06C559-33C8-4434-98E4-8613599199D0}.Debug|Any CPU.Build.0 = Debug|Any CPU
		{DE06C559-33C8-4434-98E4-8613599199D0}.Debug|ARM.ActiveCfg = Debug|Any CPU
		{DE06C559-33C8-4434-98E4-8613599199D0}.Debug|ARM.Build.0 = Debug|Any CPU
		{DE06C559-33C8-4434-98E4-8613599199D0}.Debug|x64.ActiveCfg = Debug|Any CPU
		{DE06C559-33C8-4434-98E4-8613599199D0}.Debug|x64.Build.0 = Debug|Any CPU
		{DE06C559-33C8-4434-98E4-8613599199D0}.Debug|x86.ActiveCfg = Debug|Any CPU
		{DE06C559-33C8-4434-98E4-8613599199D0}.Debug|x86.Build.0 = Debug|Any CPU
		{DE06C559-33C8-4434-98E4-8613599199D0}.Release|Any CPU.ActiveCfg = Release|Any CPU
		{DE06C559-33C8-4434-98E4-8613599199D0}.Release|Any CPU.Build.0 = Release|Any CPU
		{DE06C559-33C8-4434-98E4-8613599199D0}.Release|ARM.ActiveCfg = Release|Any CPU
		{DE06C559-33C8-4434-98E4-8613599199D0}.Release|ARM.Build.0 = Release|Any CPU
		{DE06C559-33C8-4434-98E4-8613599199D0}.Release|x64.ActiveCfg = Release|Any CPU
		{DE06C559-33C8-4434-98E4-8613599199D0}.Release|x64.Build.0 = Release|Any CPU
		{DE06C559-33C8-4434-98E4-8613599199D0}.Release|x86.ActiveCfg = Release|Any CPU
		{DE06C559-33C8-4434-98E4-8613599199D0}.Release|x86.Build.0 = Release|Any CPU
		{A141F935-BD5A-4C78-A3A7-4520E3D1DA94}.Debug|Any CPU.ActiveCfg = Debug|Any CPU
		{A141F935-BD5A-4C78-A3A7-4520E3D1DA94}.Debug|Any CPU.Build.0 = Debug|Any CPU
		{A141F935-BD5A-4C78-A3A7-4520E3D1DA94}.Debug|ARM.ActiveCfg = Debug|Any CPU
		{A141F935-BD5A-4C78-A3A7-4520E3D1DA94}.Debug|ARM.Build.0 = Debug|Any CPU
		{A141F935-BD5A-4C78-A3A7-4520E3D1DA94}.Debug|x64.ActiveCfg = Debug|Any CPU
		{A141F935-BD5A-4C78-A3A7-4520E3D1DA94}.Debug|x64.Build.0 = Debug|Any CPU
		{A141F935-BD5A-4C78-A3A7-4520E3D1DA94}.Debug|x86.ActiveCfg = Debug|Any CPU
		{A141F935-BD5A-4C78-A3A7-4520E3D1DA94}.Debug|x86.Build.0 = Debug|Any CPU
		{A141F935-BD5A-4C78-A3A7-4520E3D1DA94}.Release|Any CPU.ActiveCfg = Release|Any CPU
		{A141F935-BD5A-4C78-A3A7-4520E3D1DA94}.Release|Any CPU.Build.0 = Release|Any CPU
		{A141F935-BD5A-4C78-A3A7-4520E3D1DA94}.Release|ARM.ActiveCfg = Release|Any CPU
		{A141F935-BD5A-4C78-A3A7-4520E3D1DA94}.Release|ARM.Build.0 = Release|Any CPU
		{A141F935-BD5A-4C78-A3A7-4520E3D1DA94}.Release|x64.ActiveCfg = Release|Any CPU
		{A141F935-BD5A-4C78-A3A7-4520E3D1DA94}.Release|x64.Build.0 = Release|Any CPU
		{A141F935-BD5A-4C78-A3A7-4520E3D1DA94}.Release|x86.ActiveCfg = Release|Any CPU
		{A141F935-BD5A-4C78-A3A7-4520E3D1DA94}.Release|x86.Build.0 = Release|Any CPU
		{4AE84380-8395-4E60-B3F9-155330FF30B4}.Debug|Any CPU.ActiveCfg = Debug|Any CPU
		{4AE84380-8395-4E60-B3F9-155330FF30B4}.Debug|Any CPU.Build.0 = Debug|Any CPU
		{4AE84380-8395-4E60-B3F9-155330FF30B4}.Debug|ARM.ActiveCfg = Debug|Any CPU
		{4AE84380-8395-4E60-B3F9-155330FF30B4}.Debug|ARM.Build.0 = Debug|Any CPU
		{4AE84380-8395-4E60-B3F9-155330FF30B4}.Debug|x64.ActiveCfg = Debug|Any CPU
		{4AE84380-8395-4E60-B3F9-155330FF30B4}.Debug|x64.Build.0 = Debug|Any CPU
		{4AE84380-8395-4E60-B3F9-155330FF30B4}.Debug|x86.ActiveCfg = Debug|Any CPU
		{4AE84380-8395-4E60-B3F9-155330FF30B4}.Debug|x86.Build.0 = Debug|Any CPU
		{4AE84380-8395-4E60-B3F9-155330FF30B4}.Release|Any CPU.ActiveCfg = Release|Any CPU
		{4AE84380-8395-4E60-B3F9-155330FF30B4}.Release|Any CPU.Build.0 = Release|Any CPU
		{4AE84380-8395-4E60-B3F9-155330FF30B4}.Release|ARM.ActiveCfg = Release|Any CPU
		{4AE84380-8395-4E60-B3F9-155330FF30B4}.Release|ARM.Build.0 = Release|Any CPU
		{4AE84380-8395-4E60-B3F9-155330FF30B4}.Release|x64.ActiveCfg = Release|Any CPU
		{4AE84380-8395-4E60-B3F9-155330FF30B4}.Release|x64.Build.0 = Release|Any CPU
		{4AE84380-8395-4E60-B3F9-155330FF30B4}.Release|x86.ActiveCfg = Release|Any CPU
		{4AE84380-8395-4E60-B3F9-155330FF30B4}.Release|x86.Build.0 = Release|Any CPU
		{F3A439AB-E4AC-4E63-83EA-B6ED73E34E1D}.Debug|Any CPU.ActiveCfg = Debug|Any CPU
		{F3A439AB-E4AC-4E63-83EA-B6ED73E34E1D}.Debug|Any CPU.Build.0 = Debug|Any CPU
		{F3A439AB-E4AC-4E63-83EA-B6ED73E34E1D}.Debug|ARM.ActiveCfg = Debug|Any CPU
		{F3A439AB-E4AC-4E63-83EA-B6ED73E34E1D}.Debug|ARM.Build.0 = Debug|Any CPU
		{F3A439AB-E4AC-4E63-83EA-B6ED73E34E1D}.Debug|x64.ActiveCfg = Debug|Any CPU
		{F3A439AB-E4AC-4E63-83EA-B6ED73E34E1D}.Debug|x64.Build.0 = Debug|Any CPU
		{F3A439AB-E4AC-4E63-83EA-B6ED73E34E1D}.Debug|x86.ActiveCfg = Debug|Any CPU
		{F3A439AB-E4AC-4E63-83EA-B6ED73E34E1D}.Debug|x86.Build.0 = Debug|Any CPU
		{F3A439AB-E4AC-4E63-83EA-B6ED73E34E1D}.Release|Any CPU.ActiveCfg = Release|Any CPU
		{F3A439AB-E4AC-4E63-83EA-B6ED73E34E1D}.Release|Any CPU.Build.0 = Release|Any CPU
		{F3A439AB-E4AC-4E63-83EA-B6ED73E34E1D}.Release|ARM.ActiveCfg = Release|Any CPU
		{F3A439AB-E4AC-4E63-83EA-B6ED73E34E1D}.Release|ARM.Build.0 = Release|Any CPU
		{F3A439AB-E4AC-4E63-83EA-B6ED73E34E1D}.Release|x64.ActiveCfg = Release|Any CPU
		{F3A439AB-E4AC-4E63-83EA-B6ED73E34E1D}.Release|x64.Build.0 = Release|Any CPU
		{F3A439AB-E4AC-4E63-83EA-B6ED73E34E1D}.Release|x86.ActiveCfg = Release|Any CPU
		{F3A439AB-E4AC-4E63-83EA-B6ED73E34E1D}.Release|x86.Build.0 = Release|Any CPU
		{3EB0309A-3418-4C8D-B819-2A2EDA2BFE0B}.Debug|Any CPU.ActiveCfg = Debug|Any CPU
		{3EB0309A-3418-4C8D-B819-2A2EDA2BFE0B}.Debug|Any CPU.Build.0 = Debug|Any CPU
		{3EB0309A-3418-4C8D-B819-2A2EDA2BFE0B}.Debug|ARM.ActiveCfg = Debug|Any CPU
		{3EB0309A-3418-4C8D-B819-2A2EDA2BFE0B}.Debug|ARM.Build.0 = Debug|Any CPU
		{3EB0309A-3418-4C8D-B819-2A2EDA2BFE0B}.Debug|x64.ActiveCfg = Debug|Any CPU
		{3EB0309A-3418-4C8D-B819-2A2EDA2BFE0B}.Debug|x64.Build.0 = Debug|Any CPU
		{3EB0309A-3418-4C8D-B819-2A2EDA2BFE0B}.Debug|x86.ActiveCfg = Debug|Any CPU
		{3EB0309A-3418-4C8D-B819-2A2EDA2BFE0B}.Debug|x86.Build.0 = Debug|Any CPU
		{3EB0309A-3418-4C8D-B819-2A2EDA2BFE0B}.Release|Any CPU.ActiveCfg = Release|Any CPU
		{3EB0309A-3418-4C8D-B819-2A2EDA2BFE0B}.Release|Any CPU.Build.0 = Release|Any CPU
		{3EB0309A-3418-4C8D-B819-2A2EDA2BFE0B}.Release|ARM.ActiveCfg = Release|Any CPU
		{3EB0309A-3418-4C8D-B819-2A2EDA2BFE0B}.Release|ARM.Build.0 = Release|Any CPU
		{3EB0309A-3418-4C8D-B819-2A2EDA2BFE0B}.Release|x64.ActiveCfg = Release|Any CPU
		{3EB0309A-3418-4C8D-B819-2A2EDA2BFE0B}.Release|x64.Build.0 = Release|Any CPU
		{3EB0309A-3418-4C8D-B819-2A2EDA2BFE0B}.Release|x86.ActiveCfg = Release|Any CPU
		{3EB0309A-3418-4C8D-B819-2A2EDA2BFE0B}.Release|x86.Build.0 = Release|Any CPU
		{31061269-9C7C-4713-857A-7B57CAA92E2D}.Debug|Any CPU.ActiveCfg = Debug|Any CPU
		{31061269-9C7C-4713-857A-7B57CAA92E2D}.Debug|Any CPU.Build.0 = Debug|Any CPU
		{31061269-9C7C-4713-857A-7B57CAA92E2D}.Debug|ARM.ActiveCfg = Debug|Any CPU
		{31061269-9C7C-4713-857A-7B57CAA92E2D}.Debug|ARM.Build.0 = Debug|Any CPU
		{31061269-9C7C-4713-857A-7B57CAA92E2D}.Debug|x64.ActiveCfg = Debug|Any CPU
		{31061269-9C7C-4713-857A-7B57CAA92E2D}.Debug|x64.Build.0 = Debug|Any CPU
		{31061269-9C7C-4713-857A-7B57CAA92E2D}.Debug|x86.ActiveCfg = Debug|Any CPU
		{31061269-9C7C-4713-857A-7B57CAA92E2D}.Debug|x86.Build.0 = Debug|Any CPU
		{31061269-9C7C-4713-857A-7B57CAA92E2D}.Release|Any CPU.ActiveCfg = Release|Any CPU
		{31061269-9C7C-4713-857A-7B57CAA92E2D}.Release|Any CPU.Build.0 = Release|Any CPU
		{31061269-9C7C-4713-857A-7B57CAA92E2D}.Release|ARM.ActiveCfg = Release|Any CPU
		{31061269-9C7C-4713-857A-7B57CAA92E2D}.Release|ARM.Build.0 = Release|Any CPU
		{31061269-9C7C-4713-857A-7B57CAA92E2D}.Release|x64.ActiveCfg = Release|Any CPU
		{31061269-9C7C-4713-857A-7B57CAA92E2D}.Release|x64.Build.0 = Release|Any CPU
		{31061269-9C7C-4713-857A-7B57CAA92E2D}.Release|x86.ActiveCfg = Release|Any CPU
		{31061269-9C7C-4713-857A-7B57CAA92E2D}.Release|x86.Build.0 = Release|Any CPU
	EndGlobalSection
	GlobalSection(SolutionProperties) = preSolution
		HideSolutionNode = FALSE
	EndGlobalSection
	GlobalSection(ExtensibilityGlobals) = postSolution
		SolutionGuid = {1278046D-C7FE-48BD-A966-E0B03047D10D}
	EndGlobalSection
EndGlobal
